
Microsoft Visual Studio Solution File, Format Version 12.00
# Visual Studio Version 17
VisualStudioVersion = 17.9.34723.18
MinimumVisualStudioVersion = 10.0.40219.1
Project("{FAE04EC0-301F-11D3-BF4B-00C04F79EFBC}") = "LibraryManagementSystem_Client", "LibraryManagementSystem_Client\LibraryManagementSystem_Client.csproj", "{C0E8889B-EF0E-40F1-9434-C6A96C1B1053}"
EndProject
Global
	GlobalSection(SolutionConfigurationPlatforms) = preSolution
		Debug|Any CPU = Debug|Any CPU
		Release|Any CPU = Release|Any CPU
	EndGlobalSection
	GlobalSection(ProjectConfigurationPlatforms) = postSolution
		{C0E8889B-EF0E-40F1-9434-C6A96C1B1053}.Debug|Any CPU.ActiveCfg = Debug|Any CPU
		{C0E8889B-EF0E-40F1-9434-C6A96C1B1053}.Debug|Any CPU.Build.0 = Debug|Any CPU
		{C0E8889B-EF0E-40F1-9434-C6A96C1B1053}.Release|Any CPU.ActiveCfg = Release|Any CPU
		{C0E8889B-EF0E-40F1-9434-C6A96C1B1053}.Release|Any CPU.Build.0 = Release|Any CPU
	EndGlobalSection
	GlobalSection(SolutionProperties) = preSolution
		HideSolutionNode = FALSE
	EndGlobalSection
	GlobalSection(ExtensibilityGlobals) = postSolution
		SolutionGuid = {D2DE0BD9-3D04-4836-B70E-C0422E633BAF}
	EndGlobalSection
EndGlobal
